
Microsoft Visual Studio Solution File, Format Version 12.00
# Visual Studio Version 17
VisualStudioVersion = 17.14.36414.22
MinimumVisualStudioVersion = 10.0.40219.1
Project("{2150E333-8FDC-42A3-9474-1A3956D46DE8}") = "Task0", "Task0", "{02EA681E-C7D8-13C7-8484-4AC65E1B71E8}"
EndProject
Project("{FAE04EC0-301F-11D3-BF4B-00C04F79EFBC}") = "Tyuiu.KovalenkoMA.Sprint2.Task0.V8", "Tyuiu.KovalenkoMA.Sprint2.Task0.V8\Tyuiu.KovalenkoMA.Sprint2.Task0.V8.csproj", "{162EF205-5AAD-47B9-9A54-8FCB43032C5D}"
EndProject
Project("{FAE04EC0-301F-11D3-BF4B-00C04F79EFBC}") = "Tyuiu.KovalenkoMA.Sprint2.Task0.V8.Lib", "Tyuiu.KovalenkoMA.Sprint2.Task0.V8.Lib\Tyuiu.KovalenkoMA.Sprint2.Task0.V8.Lib.csproj", "{3E4372FA-6EAC-4D10-82E9-B98FEE02B157}"
EndProject
Project("{FAE04EC0-301F-11D3-BF4B-00C04F79EFBC}") = "Tyuiu.KovalenkoMA.Sprint2.Task0.V8.Test", "Tyuiu.KovalenkoMA.Sprint2.Task0.V8.Test\Tyuiu.KovalenkoMA.Sprint2.Task0.V8.Test.csproj", "{1929BF4B-7CB7-4A3A-88C8-766351BEC3B5}"
EndProject
Project("{2150E333-8FDC-42A3-9474-1A3956D46DE8}") = "Task1", "Task1", "{5D791572-56D5-4792-8A11-F7B4E6BCEB63}"
EndProject
Project("{FAE04EC0-301F-11D3-BF4B-00C04F79EFBC}") = "Tyuiu.KovalenkoMA.Sprint2.Task1.V20.Test", "Tyuiu.KovalenkoMA.Sprint2.Task1.V20.Test\Tyuiu.KovalenkoMA.Sprint2.Task1.V20.Test.csproj", "{5AA844DE-F168-432C-8A72-25DFE4B3851D}"
EndProject
Project("{FAE04EC0-301F-11D3-BF4B-00C04F79EFBC}") = "Tyuiu.KovalenkoMA.Sprint2.Task1.V20.Lib", "Tyuiu.KovalenkoMA.Sprint2.Task1.V20.Lib\Tyuiu.KovalenkoMA.Sprint2.Task1.V20.Lib.csproj", "{0F9565DE-90FF-49C2-826D-9E8221A8B8BC}"
EndProject
Project("{FAE04EC0-301F-11D3-BF4B-00C04F79EFBC}") = "Tyuiu.KovalenkoMA.Sprint2.Task1.V20", "Tyuiu.KovalenkoMA.Sprint2.Task1.V20\Tyuiu.KovalenkoMA.Sprint2.Task1.V20.csproj", "{D4F6735E-8F6E-4581-9FDF-C7EFE4773302}"
EndProject
Project("{2150E333-8FDC-42A3-9474-1A3956D46DE8}") = "Task2", "Task2", "{A9FC3875-A391-4D25-91CC-6B1BB282271A}"
EndProject
Project("{FAE04EC0-301F-11D3-BF4B-00C04F79EFBC}") = "Tyuiu.KovalenkoMA.Sprint2.Task2.V28", "Tyuiu.KovalenkoMA.Sprint2.Task2.V28\Tyuiu.KovalenkoMA.Sprint2.Task2.V28.csproj", "{C3E4FB3D-2176-421B-83BB-B70F61F15E6B}"
EndProject
Project("{FAE04EC0-301F-11D3-BF4B-00C04F79EFBC}") = "Tyuiu.KovalenkoMA.Sprint2.Task2.V28.Lib", "Tyuiu.KovalenkoMA.Sprint2.Task2.V28.Lib\Tyuiu.KovalenkoMA.Sprint2.Task2.V28.Lib.csproj", "{471F2905-27BB-4992-BBF9-5BA3559FFBB1}"
EndProject
Project("{FAE04EC0-301F-11D3-BF4B-00C04F79EFBC}") = "Tyuiu.KovalenkoMA.Sprint2.Task2.V28.Test", "Tyuiu.KovalenkoMA.Sprint2.Task2.V28.Test\Tyuiu.KovalenkoMA.Sprint2.Task2.V28.Test.csproj", "{56A0C50A-65B3-45B5-ABDE-8CA1BE1F5937}"
EndProject
Project("{2150E333-8FDC-42A3-9474-1A3956D46DE8}") = "Task3", "Task3", "{12EA367C-3CE5-439D-B4E3-30E4F912081C}"
EndProject
Project("{FAE04EC0-301F-11D3-BF4B-00C04F79EFBC}") = "Tyuiu.KovalenkoMA.Sprint2.Task3.V15.Lib", "Tyuiu.KovalenkoMA.Sprint2.Task3.V15.Lib\Tyuiu.KovalenkoMA.Sprint2.Task3.V15.Lib.csproj", "{DAB833C1-5CA7-4795-833C-D7790705836E}"
EndProject
Project("{FAE04EC0-301F-11D3-BF4B-00C04F79EFBC}") = "Tyuiu.KovalenkoMA.Sprint2.Task3.V15.Test", "Tyuiu.KovalenkoMA.Sprint2.Task3.V15.Test\Tyuiu.KovalenkoMA.Sprint2.Task3.V15.Test.csproj", "{E14D0C46-2431-44D2-B799-C3707A415178}"
EndProject
Project("{FAE04EC0-301F-11D3-BF4B-00C04F79EFBC}") = "Tyuiu.KovalenkoMA.Sprint2.Task3.V15", "Tyuiu.KovalenkoMA.Sprint2.Task3.V15\Tyuiu.KovalenkoMA.Sprint2.Task3.V15.csproj", "{27BBD4ED-613C-4437-A024-7448332CB7E0}"
EndProject
Project("{2150E333-8FDC-42A3-9474-1A3956D46DE8}") = "Task4", "Task4", "{F49852EC-C720-4C5E-87BD-FD4392F991C5}"
EndProject
Project("{FAE04EC0-301F-11D3-BF4B-00C04F79EFBC}") = "Tyuiu.KovalenkoMA.Sprint2.Task4.V4.Lib", "Tyuiu.KovalenkoMA.Sprint2.Task4.V4.Lib\Tyuiu.KovalenkoMA.Sprint2.Task4.V4.Lib.csproj", "{F52B9222-417D-4DD4-B7CC-F4568FE931AE}"
EndProject
Project("{FAE04EC0-301F-11D3-BF4B-00C04F79EFBC}") = "Tyuiu.KovalenkoMA.Sprint2.Task4.V4", "Tyuiu.KovalenkoMA.Sprint2.Task4.V4\Tyuiu.KovalenkoMA.Sprint2.Task4.V4.csproj", "{192CC424-8F23-4041-8B2B-C78D0C177303}"
EndProject
Project("{FAE04EC0-301F-11D3-BF4B-00C04F79EFBC}") = "Tyuiu.KovalenkoMA.Sprint2.Task4.V4.Test", "Tyuiu.KovalenkoMA.Sprint2.Task4.V4.Test\Tyuiu.KovalenkoMA.Sprint2.Task4.V4.Test.csproj", "{4B845116-0D06-420A-923E-DC40753765A7}"
EndProject
Project("{2150E333-8FDC-42A3-9474-1A3956D46DE8}") = "Task5", "Task5", "{ADC8DDF4-7F95-48D6-BF92-41F1619978FA}"
EndProject
Project("{FAE04EC0-301F-11D3-BF4B-00C04F79EFBC}") = "Tyuiu.KovalenkoMA.Sprint2.Task5.V13.Lib", "Tyuiu.KovalenkoMA.Sprint2.Task5.V13.Lib\Tyuiu.KovalenkoMA.Sprint2.Task5.V13.Lib.csproj", "{1F3D6D1A-574F-409D-95D1-42E615093F03}"
EndProject
Project("{FAE04EC0-301F-11D3-BF4B-00C04F79EFBC}") = "Tyuiu.KovalenkoMA.Sprint2.Task5.V13.Test", "Tyuiu.KovalenkoMA.Sprint2.Task5.V13.Test\Tyuiu.KovalenkoMA.Sprint2.Task5.V13.Test.csproj", "{25B711BA-BDED-45C3-A984-73CC20886D69}"
EndProject
Project("{FAE04EC0-301F-11D3-BF4B-00C04F79EFBC}") = "Tyuiu.KovalenkoMA.Sprint2.Task5.V13", "Tyuiu.KovalenkoMA.Sprint2.Task5.V13\Tyuiu.KovalenkoMA.Sprint2.Task5.V13.csproj", "{8DFCF292-5194-428D-B057-4CBDC076A796}"
EndProject
Global
	GlobalSection(SolutionConfigurationPlatforms) = preSolution
		Debug|Any CPU = Debug|Any CPU
		Release|Any CPU = Release|Any CPU
	EndGlobalSection
	GlobalSection(ProjectConfigurationPlatforms) = postSolution
		{162EF205-5AAD-47B9-9A54-8FCB43032C5D}.Debug|Any CPU.ActiveCfg = Debug|Any CPU
		{162EF205-5AAD-47B9-9A54-8FCB43032C5D}.Debug|Any CPU.Build.0 = Debug|Any CPU
		{162EF205-5AAD-47B9-9A54-8FCB43032C5D}.Release|Any CPU.ActiveCfg = Release|Any CPU
		{162EF205-5AAD-47B9-9A54-8FCB43032C5D}.Release|Any CPU.Build.0 = Release|Any CPU
		{3E4372FA-6EAC-4D10-82E9-B98FEE02B157}.Debug|Any CPU.ActiveCfg = Debug|Any CPU
		{3E4372FA-6EAC-4D10-82E9-B98FEE02B157}.Debug|Any CPU.Build.0 = Debug|Any CPU
		{3E4372FA-6EAC-4D10-82E9-B98FEE02B157}.Release|Any CPU.ActiveCfg = Release|Any CPU
		{3E4372FA-6EAC-4D10-82E9-B98FEE02B157}.Release|Any CPU.Build.0 = Release|Any CPU
		{1929BF4B-7CB7-4A3A-88C8-766351BEC3B5}.Debug|Any CPU.ActiveCfg = Debug|Any CPU
		{1929BF4B-7CB7-4A3A-88C8-766351BEC3B5}.Debug|Any CPU.Build.0 = Debug|Any CPU
		{1929BF4B-7CB7-4A3A-88C8-766351BEC3B5}.Release|Any CPU.ActiveCfg = Release|Any CPU
		{1929BF4B-7CB7-4A3A-88C8-766351BEC3B5}.Release|Any CPU.Build.0 = Release|Any CPU
		{5AA844DE-F168-432C-8A72-25DFE4B3851D}.Debug|Any CPU.ActiveCfg = Debug|Any CPU
		{5AA844DE-F168-432C-8A72-25DFE4B3851D}.Debug|Any CPU.Build.0 = Debug|Any CPU
		{5AA844DE-F168-432C-8A72-25DFE4B3851D}.Release|Any CPU.ActiveCfg = Release|Any CPU
		{5AA844DE-F168-432C-8A72-25DFE4B3851D}.Release|Any CPU.Build.0 = Release|Any CPU
		{0F9565DE-90FF-49C2-826D-9E8221A8B8BC}.Debug|Any CPU.ActiveCfg = Debug|Any CPU
		{0F9565DE-90FF-49C2-826D-9E8221A8B8BC}.Debug|Any CPU.Build.0 = Debug|Any CPU
		{0F9565DE-90FF-49C2-826D-9E8221A8B8BC}.Release|Any CPU.ActiveCfg = Release|Any CPU
		{0F9565DE-90FF-49C2-826D-9E8221A8B8BC}.Release|Any CPU.Build.0 = Release|Any CPU
		{D4F6735E-8F6E-4581-9FDF-C7EFE4773302}.Debug|Any CPU.ActiveCfg = Debug|Any CPU
		{D4F6735E-8F6E-4581-9FDF-C7EFE4773302}.Debug|Any CPU.Build.0 = Debug|Any CPU
		{D4F6735E-8F6E-4581-9FDF-C7EFE4773302}.Release|Any CPU.ActiveCfg = Release|Any CPU
		{D4F6735E-8F6E-4581-9FDF-C7EFE4773302}.Release|Any CPU.Build.0 = Release|Any CPU
		{C3E4FB3D-2176-421B-83BB-B70F61F15E6B}.Debug|Any CPU.ActiveCfg = Debug|Any CPU
		{C3E4FB3D-2176-421B-83BB-B70F61F15E6B}.Debug|Any CPU.Build.0 = Debug|Any CPU
		{C3E4FB3D-2176-421B-83BB-B70F61F15E6B}.Release|Any CPU.ActiveCfg = Release|Any CPU
		{C3E4FB3D-2176-421B-83BB-B70F61F15E6B}.Release|Any CPU.Build.0 = Release|Any CPU
		{471F2905-27BB-4992-BBF9-5BA3559FFBB1}.Debug|Any CPU.ActiveCfg = Debug|Any CPU
		{471F2905-27BB-4992-BBF9-5BA3559FFBB1}.Debug|Any CPU.Build.0 = Debug|Any CPU
		{471F2905-27BB-4992-BBF9-5BA3559FFBB1}.Release|Any CPU.ActiveCfg = Release|Any CPU
		{471F2905-27BB-4992-BBF9-5BA3559FFBB1}.Release|Any CPU.Build.0 = Release|Any CPU
		{56A0C50A-65B3-45B5-ABDE-8CA1BE1F5937}.Debug|Any CPU.ActiveCfg = Debug|Any CPU
		{56A0C50A-65B3-45B5-ABDE-8CA1BE1F5937}.Debug|Any CPU.Build.0 = Debug|Any CPU
		{56A0C50A-65B3-45B5-ABDE-8CA1BE1F5937}.Release|Any CPU.ActiveCfg = Release|Any CPU
		{56A0C50A-65B3-45B5-ABDE-8CA1BE1F5937}.Release|Any CPU.Build.0 = Release|Any CPU
		{DAB833C1-5CA7-4795-833C-D7790705836E}.Debug|Any CPU.ActiveCfg = Debug|Any CPU
		{DAB833C1-5CA7-4795-833C-D7790705836E}.Debug|Any CPU.Build.0 = Debug|Any CPU
		{DAB833C1-5CA7-4795-833C-D7790705836E}.Release|Any CPU.ActiveCfg = Release|Any CPU
		{DAB833C1-5CA7-4795-833C-D7790705836E}.Release|Any CPU.Build.0 = Release|Any CPU
		{E14D0C46-2431-44D2-B799-C3707A415178}.Debug|Any CPU.ActiveCfg = Debug|Any CPU
		{E14D0C46-2431-44D2-B799-C3707A415178}.Debug|Any CPU.Build.0 = Debug|Any CPU
		{E14D0C46-2431-44D2-B799-C3707A415178}.Release|Any CPU.ActiveCfg = Release|Any CPU
		{E14D0C46-2431-44D2-B799-C3707A415178}.Release|Any CPU.Build.0 = Release|Any CPU
		{27BBD4ED-613C-4437-A024-7448332CB7E0}.Debug|Any CPU.ActiveCfg = Debug|Any CPU
		{27BBD4ED-613C-4437-A024-7448332CB7E0}.Debug|Any CPU.Build.0 = Debug|Any CPU
		{27BBD4ED-613C-4437-A024-7448332CB7E0}.Release|Any CPU.ActiveCfg = Release|Any CPU
		{27BBD4ED-613C-4437-A024-7448332CB7E0}.Release|Any CPU.Build.0 = Release|Any CPU
		{F52B9222-417D-4DD4-B7CC-F4568FE931AE}.Debug|Any CPU.ActiveCfg = Debug|Any CPU
		{F52B9222-417D-4DD4-B7CC-F4568FE931AE}.Debug|Any CPU.Build.0 = Debug|Any CPU
		{F52B9222-417D-4DD4-B7CC-F4568FE931AE}.Release|Any CPU.ActiveCfg = Release|Any CPU
		{F52B9222-417D-4DD4-B7CC-F4568FE931AE}.Release|Any CPU.Build.0 = Release|Any CPU
		{192CC424-8F23-4041-8B2B-C78D0C177303}.Debug|Any CPU.ActiveCfg = Debug|Any CPU
		{192CC424-8F23-4041-8B2B-C78D0C177303}.Debug|Any CPU.Build.0 = Debug|Any CPU
		{192CC424-8F23-4041-8B2B-C78D0C177303}.Release|Any CPU.ActiveCfg = Release|Any CPU
		{192CC424-8F23-4041-8B2B-C78D0C177303}.Release|Any CPU.Build.0 = Release|Any CPU
		{4B845116-0D06-420A-923E-DC40753765A7}.Debug|Any CPU.ActiveCfg = Debug|Any CPU
		{4B845116-0D06-420A-923E-DC40753765A7}.Debug|Any CPU.Build.0 = Debug|Any CPU
		{4B845116-0D06-420A-923E-DC40753765A7}.Release|Any CPU.ActiveCfg = Release|Any CPU
		{4B845116-0D06-420A-923E-DC40753765A7}.Release|Any CPU.Build.0 = Release|Any CPU
		{1F3D6D1A-574F-409D-95D1-42E615093F03}.Debug|Any CPU.ActiveCfg = Debug|Any CPU
		{1F3D6D1A-574F-409D-95D1-42E615093F03}.Debug|Any CPU.Build.0 = Debug|Any CPU
		{1F3D6D1A-574F-409D-95D1-42E615093F03}.Release|Any CPU.ActiveCfg = Release|Any CPU
		{1F3D6D1A-574F-409D-95D1-42E615093F03}.Release|Any CPU.Build.0 = Release|Any CPU
		{25B711BA-BDED-45C3-A984-73CC20886D69}.Debug|Any CPU.ActiveCfg = Debug|Any CPU
		{25B711BA-BDED-45C3-A984-73CC20886D69}.Debug|Any CPU.Build.0 = Debug|Any CPU
		{25B711BA-BDED-45C3-A984-73CC20886D69}.Release|Any CPU.ActiveCfg = Release|Any CPU
		{25B711BA-BDED-45C3-A984-73CC20886D69}.Release|Any CPU.Build.0 = Release|Any CPU
		{8DFCF292-5194-428D-B057-4CBDC076A796}.Debug|Any CPU.ActiveCfg = Debug|Any CPU
		{8DFCF292-5194-428D-B057-4CBDC076A796}.Debug|Any CPU.Build.0 = Debug|Any CPU
		{8DFCF292-5194-428D-B057-4CBDC076A796}.Release|Any CPU.ActiveCfg = Release|Any CPU
		{8DFCF292-5194-428D-B057-4CBDC076A796}.Release|Any CPU.Build.0 = Release|Any CPU
	EndGlobalSection
	GlobalSection(SolutionProperties) = preSolution
		HideSolutionNode = FALSE
	EndGlobalSection
	GlobalSection(NestedProjects) = preSolution
		{162EF205-5AAD-47B9-9A54-8FCB43032C5D} = {02EA681E-C7D8-13C7-8484-4AC65E1B71E8}
		{3E4372FA-6EAC-4D10-82E9-B98FEE02B157} = {02EA681E-C7D8-13C7-8484-4AC65E1B71E8}
		{1929BF4B-7CB7-4A3A-88C8-766351BEC3B5} = {02EA681E-C7D8-13C7-8484-4AC65E1B71E8}
		{5AA844DE-F168-432C-8A72-25DFE4B3851D} = {5D791572-56D5-4792-8A11-F7B4E6BCEB63}
		{0F9565DE-90FF-49C2-826D-9E8221A8B8BC} = {5D791572-56D5-4792-8A11-F7B4E6BCEB63}
		{D4F6735E-8F6E-4581-9FDF-C7EFE4773302} = {5D791572-56D5-4792-8A11-F7B4E6BCEB63}
		{C3E4FB3D-2176-421B-83BB-B70F61F15E6B} = {A9FC3875-A391-4D25-91CC-6B1BB282271A}
		{471F2905-27BB-4992-BBF9-5BA3559FFBB1} = {A9FC3875-A391-4D25-91CC-6B1BB282271A}
		{56A0C50A-65B3-45B5-ABDE-8CA1BE1F5937} = {A9FC3875-A391-4D25-91CC-6B1BB282271A}
		{DAB833C1-5CA7-4795-833C-D7790705836E} = {12EA367C-3CE5-439D-B4E3-30E4F912081C}
		{E14D0C46-2431-44D2-B799-C3707A415178} = {12EA367C-3CE5-439D-B4E3-30E4F912081C}
		{27BBD4ED-613C-4437-A024-7448332CB7E0} = {12EA367C-3CE5-439D-B4E3-30E4F912081C}
		{F52B9222-417D-4DD4-B7CC-F4568FE931AE} = {F49852EC-C720-4C5E-87BD-FD4392F991C5}
		{192CC424-8F23-4041-8B2B-C78D0C177303} = {F49852EC-C720-4C5E-87BD-FD4392F991C5}
		{4B845116-0D06-420A-923E-DC40753765A7} = {F49852EC-C720-4C5E-87BD-FD4392F991C5}
		{1F3D6D1A-574F-409D-95D1-42E615093F03} = {ADC8DDF4-7F95-48D6-BF92-41F1619978FA}
		{25B711BA-BDED-45C3-A984-73CC20886D69} = {ADC8DDF4-7F95-48D6-BF92-41F1619978FA}
		{8DFCF292-5194-428D-B057-4CBDC076A796} = {ADC8DDF4-7F95-48D6-BF92-41F1619978FA}
	EndGlobalSection
	GlobalSection(ExtensibilityGlobals) = postSolution
		SolutionGuid = {119A1F1B-66FD-4827-9A2F-5E23DC2232EA}
	EndGlobalSection
EndGlobal
